// !$*UTF8*$!
{
	archiveVersion = 1;
	classes = {
	};
	objectVersion = 56;
	objects = {

/* Begin PBXBuildFile section */
		D25A915F28634EC400B8166B /* AppDelegate.swift in Sources */ = {isa = PBXBuildFile; fileRef = D25A915E28634EC400B8166B /* AppDelegate.swift */; };
		D25A916128634EC400B8166B /* SceneDelegate.swift in Sources */ = {isa = PBXBuildFile; fileRef = D25A916028634EC400B8166B /* SceneDelegate.swift */; };
		D25A916328634EC400B8166B /* ViewController.swift in Sources */ = {isa = PBXBuildFile; fileRef = D25A916228634EC400B8166B /* ViewController.swift */; };
		D25A916628634EC400B8166B /* Main.storyboard in Resources */ = {isa = PBXBuildFile; fileRef = D25A916428634EC400B8166B /* Main.storyboard */; };
		D25A916828634EC600B8166B /* Assets.xcassets in Resources */ = {isa = PBXBuildFile; fileRef = D25A916728634EC600B8166B /* Assets.xcassets */; };
		D25A916B28634EC600B8166B /* LaunchScreen.storyboard in Resources */ = {isa = PBXBuildFile; fileRef = D25A916928634EC600B8166B /* LaunchScreen.storyboard */; };
		D25A917328635BE800B8166B /* baseSoap.swift in Sources */ = {isa = PBXBuildFile; fileRef = D25A917228635BE800B8166B /* baseSoap.swift */; };
		D25A917728635FAF00B8166B /* PZNEintrag.swift in Sources */ = {isa = PBXBuildFile; fileRef = D25A917428635FAF00B8166B /* PZNEintrag.swift */; };
		D25A917828635FAF00B8166B /* PZNListe.swift in Sources */ = {isa = PBXBuildFile; fileRef = D25A917528635FAF00B8166B /* PZNListe.swift */; };
		D25A917928635FAF00B8166B /* baseContainer.swift in Sources */ = {isa = PBXBuildFile; fileRef = D25A917628635FAF00B8166B /* baseContainer.swift */; };
		D25A917B286361AD00B8166B /* XmlDict.swift in Sources */ = {isa = PBXBuildFile; fileRef = D25A917A286361AD00B8166B /* XmlDict.swift */; };
/* End PBXBuildFile section */

/* Begin PBXFileReference section */
		D25A915B28634EC400B8166B /* async.app */ = {isa = PBXFileReference; explicitFileType = wrapper.application; includeInIndex = 0; path = async.app; sourceTree = BUILT_PRODUCTS_DIR; };
		D25A915E28634EC400B8166B /* AppDelegate.swift */ = {isa = PBXFileReference; lastKnownFileType = sourcecode.swift; path = AppDelegate.swift; sourceTree = "<group>"; };
		D25A916028634EC400B8166B /* SceneDelegate.swift */ = {isa = PBXFileReference; lastKnownFileType = sourcecode.swift; path = SceneDelegate.swift; sourceTree = "<group>"; };
		D25A916228634EC400B8166B /* ViewController.swift */ = {isa = PBXFileReference; lastKnownFileType = sourcecode.swift; path = ViewController.swift; sourceTree = "<group>"; };
		D25A916528634EC400B8166B /* Base */ = {isa = PBXFileReference; lastKnownFileType = file.storyboard; name = Base; path = Base.lproj/Main.storyboard; sourceTree = "<group>"; };
		D25A916728634EC600B8166B /* Assets.xcassets */ = {isa = PBXFileReference; lastKnownFileType = folder.assetcatalog; path = Assets.xcassets; sourceTree = "<group>"; };
		D25A916A28634EC600B8166B /* Base */ = {isa = PBXFileReference; lastKnownFileType = file.storyboard; name = Base; path = Base.lproj/LaunchScreen.storyboard; sourceTree = "<group>"; };
		D25A916C28634EC600B8166B /* Info.plist */ = {isa = PBXFileReference; lastKnownFileType = text.plist.xml; path = Info.plist; sourceTree = "<group>"; };
		D25A917228635BE800B8166B /* baseSoap.swift */ = {isa = PBXFileReference; fileEncoding = 4; lastKnownFileType = sourcecode.swift; path = baseSoap.swift; sourceTree = "<group>"; };
		D25A917428635FAF00B8166B /* PZNEintrag.swift */ = {isa = PBXFileReference; fileEncoding = 4; lastKnownFileType = sourcecode.swift; path = PZNEintrag.swift; sourceTree = "<group>"; };
		D25A917528635FAF00B8166B /* PZNListe.swift */ = {isa = PBXFileReference; fileEncoding = 4; lastKnownFileType = sourcecode.swift; path = PZNListe.swift; sourceTree = "<group>"; };
		D25A917628635FAF00B8166B /* baseContainer.swift */ = {isa = PBXFileReference; fileEncoding = 4; lastKnownFileType = sourcecode.swift; path = baseContainer.swift; sourceTree = "<group>"; };
		D25A917A286361AD00B8166B /* XmlDict.swift */ = {isa = PBXFileReference; fileEncoding = 4; lastKnownFileType = sourcecode.swift; path = XmlDict.swift; sourceTree = "<group>"; };
/* End PBXFileReference section */

/* Begin PBXFrameworksBuildPhase section */
		D25A915828634EC400B8166B /* Frameworks */ = {
			isa = PBXFrameworksBuildPhase;
			buildActionMask = 2147483647;
			files = (
			);
			runOnlyForDeploymentPostprocessing = 0;
		};
/* End PBXFrameworksBuildPhase section */

/* Begin PBXGroup section */
		D25A915228634EC400B8166B = {
			isa = PBXGroup;
			children = (
				D25A915D28634EC400B8166B /* async */,
				D25A915C28634EC400B8166B /* Products */,
			);
			sourceTree = "<group>";
		};
		D25A915C28634EC400B8166B /* Products */ = {
			isa = PBXGroup;
			children = (
				D25A915B28634EC400B8166B /* async.app */,
			);
			name = Products;
			sourceTree = "<group>";
		};
		D25A915D28634EC400B8166B /* async */ = {
			isa = PBXGroup;
			children = (
				D25A917A286361AD00B8166B /* XmlDict.swift */,
				D25A917628635FAF00B8166B /* baseContainer.swift */,
				D25A917428635FAF00B8166B /* PZNEintrag.swift */,
				D25A917528635FAF00B8166B /* PZNListe.swift */,
				D25A917228635BE800B8166B /* baseSoap.swift */,
				D25A915E28634EC400B8166B /* AppDelegate.swift */,
				D25A916028634EC400B8166B /* SceneDelegate.swift */,
				D25A916228634EC400B8166B /* ViewController.swift */,
				D25A916428634EC400B8166B /* Main.storyboard */,
				D25A916728634EC600B8166B /* Assets.xcassets */,
				D25A916928634EC600B8166B /* LaunchScreen.storyboard */,
				D25A916C28634EC600B8166B /* Info.plist */,
			);
			path = async;
			sourceTree = "<group>";
		};
/* End PBXGroup section */

/* Begin PBXNativeTarget section */
		D25A915A28634EC400B8166B /* async */ = {
			isa = PBXNativeTarget;
			buildConfigurationList = D25A916F28634EC600B8166B /* Build configuration list for PBXNativeTarget "async" */;
			buildPhases = (
				D25A915728634EC400B8166B /* Sources */,
				D25A915828634EC400B8166B /* Frameworks */,
				D25A915928634EC400B8166B /* Resources */,
			);
			buildRules = (
			);
			dependencies = (
			);
			name = async;
			productName = async;
			productReference = D25A915B28634EC400B8166B /* async.app */;
			productType = "com.apple.product-type.application";
		};
/* End PBXNativeTarget section */

/* Begin PBXProject section */
		D25A915328634EC400B8166B /* Project object */ = {
			isa = PBXProject;
			attributes = {
				BuildIndependentTargetsInParallel = 1;
				LastSwiftUpdateCheck = 1400;
				LastUpgradeCheck = 1400;
				TargetAttributes = {
					D25A915A28634EC400B8166B = {
						CreatedOnToolsVersion = 14.0;
					};
				};
			};
			buildConfigurationList = D25A915628634EC400B8166B /* Build configuration list for PBXProject "async" */;
			compatibilityVersion = "Xcode 14.0";
			developmentRegion = en;
			hasScannedForEncodings = 0;
			knownRegions = (
				en,
				Base,
			);
			mainGroup = D25A915228634EC400B8166B;
			productRefGroup = D25A915C28634EC400B8166B /* Products */;
			projectDirPath = "";
			projectRoot = "";
			targets = (
				D25A915A28634EC400B8166B /* async */,
			);
		};
/* End PBXProject section */

/* Begin PBXResourcesBuildPhase section */
		D25A915928634EC400B8166B /* Resources */ = {
			isa = PBXResourcesBuildPhase;
			buildActionMask = 2147483647;
			files = (
				D25A916B28634EC600B8166B /* LaunchScreen.storyboard in Resources */,
				D25A916828634EC600B8166B /* Assets.xcassets in Resources */,
				D25A916628634EC400B8166B /* Main.storyboard in Resources */,
			);
			runOnlyForDeploymentPostprocessing = 0;
		};
/* End PBXResourcesBuildPhase section */

/* Begin PBXSourcesBuildPhase section */
		D25A915728634EC400B8166B /* Sources */ = {
			isa = PBXSourcesBuildPhase;
			buildActionMask = 2147483647;
			files = (
				D25A917928635FAF00B8166B /* baseContainer.swift in Sources */,
				D25A916328634EC400B8166B /* ViewController.swift in Sources */,
				D25A915F28634EC400B8166B /* AppDelegate.swift in Sources */,
				D25A917828635FAF00B8166B /* PZNListe.swift in Sources */,
				D25A916128634EC400B8166B /* SceneDelegate.swift in Sources */,
				D25A917B286361AD00B8166B /* XmlDict.swift in Sources */,
				D25A917328635BE800B8166B /* baseSoap.swift in Sources */,
				D25A917728635FAF00B8166B /* PZNEintrag.swift in Sources */,
			);
			runOnlyForDeploymentPostprocessing = 0;
		};
/* End PBXSourcesBuildPhase section */

/* Begin PBXVariantGroup section */
		D25A916428634EC400B8166B /* Main.storyboard */ = {
			isa = PBXVariantGroup;
			children = (
				D25A916528634EC400B8166B /* Base */,
			);
			name = Main.storyboard;
			sourceTree = "<group>";
		};
		D25A916928634EC600B8166B /* LaunchScreen.storyboard */ = {
			isa = PBXVariantGroup;
			children = (
				D25A916A28634EC600B8166B /* Base */,
			);
			name = LaunchScreen.storyboard;
			sourceTree = "<group>";
		};
/* End PBXVariantGroup section */

/* Begin XCBuildConfiguration section */
		D25A916D28634EC600B8166B /* Debug */ = {
			isa = XCBuildConfiguration;
			buildSettings = {
				ALWAYS_SEARCH_USER_PATHS = NO;
				CLANG_ANALYZER_NONNULL = YES;
				CLANG_ANALYZER_NUMBER_OBJECT_CONVERSION = YES_AGGRESSIVE;
				CLANG_CXX_LANGUAGE_STANDARD = "gnu++17";
				CLANG_ENABLE_MODULES = YES;
				CLANG_ENABLE_OBJC_ARC = YES;
				CLANG_ENABLE_OBJC_WEAK = YES;
				CLANG_WARN_BLOCK_CAPTURE_AUTORELEASING = YES;
				CLANG_WARN_BOOL_CONVERSION = YES;
				CLANG_WARN_COMMA = YES;
				CLANG_WARN_CONSTANT_CONVERSION = YES;
				CLANG_WARN_DEPRECATED_OBJC_IMPLEMENTATIONS = YES;
				CLANG_WARN_DIRECT_OBJC_ISA_USAGE = YES_ERROR;
				CLANG_WARN_DOCUMENTATION_COMMENTS = YES;
				CLANG_WARN_EMPTY_BODY = YES;
				CLANG_WARN_ENUM_CONVERSION = YES;
				CLANG_WARN_INFINITE_RECURSION = YES;
				CLANG_WARN_INT_CONVERSION = YES;
				CLANG_WARN_NON_LITERAL_NULL_CONVERSION = YES;
				CLANG_WARN_OBJC_IMPLICIT_RETAIN_SELF = YES;
				CLANG_WARN_OBJC_LITERAL_CONVERSION = YES;
				CLANG_WARN_OBJC_ROOT_CLASS = YES_ERROR;
				CLANG_WARN_QUOTED_INCLUDE_IN_FRAMEWORK_HEADER = YES;
				CLANG_WARN_RANGE_LOOP_ANALYSIS = YES;
				CLANG_WARN_STRICT_PROTOTYPES = YES;
				CLANG_WARN_SUSPICIOUS_MOVE = YES;
				CLANG_WARN_UNGUARDED_AVAILABILITY = YES_AGGRESSIVE;
				CLANG_WARN_UNREACHABLE_CODE = YES;
				CLANG_WARN__DUPLICATE_METHOD_MATCH = YES;
				COPY_PHASE_STRIP = NO;
				DEBUG_INFORMATION_FORMAT = dwarf;
				ENABLE_STRICT_OBJC_MSGSEND = YES;
				ENABLE_TESTABILITY = YES;
				GCC_C_LANGUAGE_STANDARD = gnu11;
				GCC_DYNAMIC_NO_PIC = NO;
				GCC_NO_COMMON_BLOCKS = YES;
				GCC_OPTIMIZATION_LEVEL = 0;
				GCC_PREPROCESSOR_DEFINITIONS = (
					"DEBUG=1",
					"$(inherited)",
				);
				GCC_WARN_64_TO_32_BIT_CONVERSION = YES;
				GCC_WARN_ABOUT_RETURN_TYPE = YES_ERROR;
				GCC_WARN_UNDECLARED_SELECTOR = YES;
				GCC_WARN_UNINITIALIZED_AUTOS = YES_AGGRESSIVE;
				GCC_WARN_UNUSED_FUNCTION = YES;
				GCC_WARN_UNUSED_VARIABLE = YES;
				IPHONEOS_DEPLOYMENT_TARGET = 16.0;
				MTL_ENABLE_DEBUG_INFO = INCLUDE_SOURCE;
				MTL_FAST_MATH = YES;
				ONLY_ACTIVE_ARCH = YES;
				SDKROOT = iphoneos;
				SWIFT_ACTIVE_COMPILATION_CONDITIONS = DEBUG;
				SWIFT_OPTIMIZATION_LEVEL = "-Onone";
			};
			name = Debug;
		};
		D25A916E28634EC600B8166B /* Release */ = {
			isa = XCBuildConfiguration;
			buildSettings = {
				ALWAYS_SEARCH_USER_PATHS = NO;
				CLANG_ANALYZER_NONNULL = YES;
				CLANG_ANALYZER_NUMBER_OBJECT_CONVERSION = YES_AGGRESSIVE;
				CLANG_CXX_LANGUAGE_STANDARD = "gnu++17";
				CLANG_ENABLE_MODULES = YES;
				CLANG_ENABLE_OBJC_ARC = YES;
				CLANG_ENABLE_OBJC_WEAK = YES;
				CLANG_WARN_BLOCK_CAPTURE_AUTORELEASING = YES;
				CLANG_WARN_BOOL_CONVERSION = YES;
				CLANG_WARN_COMMA = YES;
				CLANG_WARN_CONSTANT_CONVERSION = YES;
				CLANG_WARN_DEPRECATED_OBJC_IMPLEMENTATIONS = YES;
				CLANG_WARN_DIRECT_OBJC_ISA_USAGE = YES_ERROR;
				CLANG_WARN_DOCUMENTATION_COMMENTS = YES;
				CLANG_WARN_EMPTY_BODY = YES;
				CLANG_WARN_ENUM_CONVERSION = YES;
				CLANG_WARN_INFINITE_RECURSION = YES;
				CLANG_WARN_INT_CONVERSION = YES;
				CLANG_WARN_NON_LITERAL_NULL_CONVERSION = YES;
				CLANG_WARN_OBJC_IMPLICIT_RETAIN_SELF = YES;
				CLANG_WARN_OBJC_LITERAL_CONVERSION = YES;
				CLANG_WARN_OBJC_ROOT_CLASS = YES_ERROR;
				CLANG_WARN_QUOTED_INCLUDE_IN_FRAMEWORK_HEADER = YES;
				CLANG_WARN_RANGE_LOOP_ANALYSIS = YES;
				CLANG_WARN_STRICT_PROTOTYPES = YES;
				CLANG_WARN_SUSPICIOUS_MOVE = YES;
				CLANG_WARN_UNGUARDED_AVAILABILITY = YES_AGGRESSIVE;
				CLANG_WARN_UNREACHABLE_CODE = YES;
				CLANG_WARN__DUPLICATE_METHOD_MATCH = YES;
				COPY_PHASE_STRIP = NO;
				DEBUG_INFORMATION_FORMAT = "dwarf-with-dsym";
				ENABLE_NS_ASSERTIONS = NO;
				ENABLE_STRICT_OBJC_MSGSEND = YES;
				GCC_C_LANGUAGE_STANDARD = gnu11;
				GCC_NO_COMMON_BLOCKS = YES;
				GCC_WARN_64_TO_32_BIT_CONVERSION = YES;
				GCC_WARN_ABOUT_RETURN_TYPE = YES_ERROR;
				GCC_WARN_UNDECLARED_SELECTOR = YES;
				GCC_WARN_UNINITIALIZED_AUTOS = YES_AGGRESSIVE;
				GCC_WARN_UNUSED_FUNCTION = YES;
				GCC_WARN_UNUSED_VARIABLE = YES;
				IPHONEOS_DEPLOYMENT_TARGET = 16.0;
				MTL_ENABLE_DEBUG_INFO = NO;
				MTL_FAST_MATH = YES;
				SDKROOT = iphoneos;
				SWIFT_COMPILATION_MODE = wholemodule;
				SWIFT_OPTIMIZATION_LEVEL = "-O";
				VALIDATE_PRODUCT = YES;
			};
			name = Release;
		};
		D25A917028634EC600B8166B /* Debug */ = {
			isa = XCBuildConfiguration;
			buildSettings = {
				ASSETCATALOG_COMPILER_APPICON_NAME = AppIcon;
				ASSETCATALOG_COMPILER_GLOBAL_ACCENT_COLOR_NAME = AccentColor;
				CODE_SIGN_STYLE = Automatic;
				CURRENT_PROJECT_VERSION = 1;
				DEVELOPMENT_TEAM = 63MQ4H3WK6;
				GENERATE_INFOPLIST_FILE = YES;
				INFOPLIST_FILE = async/Info.plist;
				INFOPLIST_KEY_UIApplicationSupportsIndirectInputEvents = YES;
				INFOPLIST_KEY_UILaunchStoryboardName = LaunchScreen;
				INFOPLIST_KEY_UIMainStoryboardFile = Main;
				INFOPLIST_KEY_UISupportedInterfaceOrientations_iPhone = "UIInterfaceOrientationLandscapeLeft UIInterfaceOrientationLandscapeRight UIInterfaceOrientationPortrait";
				LD_RUNPATH_SEARCH_PATHS = (
					"$(inherited)",
					"@executable_path/Frameworks",
				);
				MARKETING_VERSION = 1.0;
				PRODUCT_BUNDLE_IDENTIFIER = sqops.async;
				PRODUCT_NAME = "$(TARGET_NAME)";
				SUPPORTED_PLATFORMS = "iphoneos iphonesimulator";
				SUPPORTS_MACCATALYST = NO;
				SUPPORTS_MAC_DESIGNED_FOR_IPHONE_IPAD = YES;
				SWIFT_EMIT_LOC_STRINGS = YES;
				SWIFT_VERSION = 5.0;
				TARGETED_DEVICE_FAMILY = 1;
			};
			name = Debug;
		};
		D25A917128634EC600B8166B /* Release */ = {
			isa = XCBuildConfiguration;
			buildSettings = {
				ASSETCATALOG_COMPILER_APPICON_NAME = AppIcon;
				ASSETCATALOG_COMPILER_GLOBAL_ACCENT_COLOR_NAME = AccentColor;
				CODE_SIGN_STYLE = Automatic;
				CURRENT_PROJECT_VERSION = 1;
				DEVELOPMENT_TEAM = 63MQ4H3WK6;
				GENERATE_INFOPLIST_FILE = YES;
				INFOPLIST_FILE = async/Info.plist;
				INFOPLIST_KEY_UIApplicationSupportsIndirectInputEvents = YES;
				INFOPLIST_KEY_UILaunchStoryboardName = LaunchScreen;
				INFOPLIST_KEY_UIMainStoryboardFile = Main;
				INFOPLIST_KEY_UISupportedInterfaceOrientations_iPhone = "UIInterfaceOrientationLandscapeLeft UIInterfaceOrientationLandscapeRight UIInterfaceOrientationPortrait";
				LD_RUNPATH_SEARCH_PATHS = (
					"$(inherited)",
					"@executable_path/Frameworks",
				);
				MARKETING_VERSION = 1.0;
				PRODUCT_BUNDLE_IDENTIFIER = sqops.async;
				PRODUCT_NAME = "$(TARGET_NAME)";
				SUPPORTED_PLATFORMS = "iphoneos iphonesimulator";
				SUPPORTS_MACCATALYST = NO;
				SUPPORTS_MAC_DESIGNED_FOR_IPHONE_IPAD = YES;
				SWIFT_EMIT_LOC_STRINGS = YES;
				SWIFT_VERSION = 5.0;
				TARGETED_DEVICE_FAMILY = 1;
			};
			name = Release;
		};
/* End XCBuildConfiguration section */

/* Begin XCConfigurationList section */
		D25A915628634EC400B8166B /* Build configuration list for PBXProject "async" */ = {
			isa = XCConfigurationList;
			buildConfigurations = (
				D25A916D28634EC600B8166B /* Debug */,
				D25A916E28634EC600B8166B /* Release */,
			);
			defaultConfigurationIsVisible = 0;
			defaultConfigurationName = Release;
		};
		D25A916F28634EC600B8166B /* Build configuration list for PBXNativeTarget "async" */ = {
			isa = XCConfigurationList;
			buildConfigurations = (
				D25A917028634EC600B8166B /* Debug */,
				D25A917128634EC600B8166B /* Release */,
			);
			defaultConfigurationIsVisible = 0;
			defaultConfigurationName = Release;
		};
/* End XCConfigurationList section */
	};
	rootObject = D25A915328634EC400B8166B /* Project object */;
}
